
Microsoft Visual Studio Solution File, Format Version 12.00
Project("{2150E333-8FDC-42A3-9474-1A3956D46DE8}") = "src", "src", "{E5FEDA23-43B6-474A-9238-4F540E1D3393}"
EndProject
Project("{FAE04EC0-301F-11D3-BF4B-00C04F79EFBC}") = "TT.Service", "TT.Service\TT.Service.csproj", "{EFB13AD4-725D-4128-A731-C62C75B64FD0}"
EndProject
Project("{FAE04EC0-301F-11D3-BF4B-00C04F79EFBC}") = "TT.Data", "TT.Data\TT.Data.csproj", "{7B7A6BCC-F75B-4574-9A81-B5720FAAE4E1}"
EndProject
Project("{FAE04EC0-301F-11D3-BF4B-00C04F79EFBC}") = "TT.Business", "TT.Business\TT.Business.csproj", "{A65CBA9F-F615-4995-A62B-2573ED107651}"
EndProject
Project("{FAE04EC0-301F-11D3-BF4B-00C04F79EFBC}") = "TT.Clients", "TT.Clients\TT.Clients.csproj", "{E03485D4-785B-4996-9FD0-A44DB7DBEB19}"
EndProject
Project("{FAE04EC0-301F-11D3-BF4B-00C04F79EFBC}") = "TT.Shared", "TT.Shared\TT.Shared.csproj", "{075E575B-6E9C-473E-9FB8-A906CC9C7B83}"
EndProject
Project("{FAE04EC0-301F-11D3-BF4B-00C04F79EFBC}") = "TT.API", "TT.API\TT.API.csproj", "{EEC5AEE2-AB7D-4C47-8790-DB7F005D9AF2}"
EndProject
Project("{FAE04EC0-301F-11D3-BF4B-00C04F79EFBC}") = "TT.ProviderOne", "TT.ProviderOne\TT.ProviderOne.csproj", "{52F8E25E-FF42-4DC4-8BF2-C9FFB82545CA}"
EndProject
Project("{FAE04EC0-301F-11D3-BF4B-00C04F79EFBC}") = "TT.ProviderTwo", "TT.ProviderTwo\TT.ProviderTwo.csproj", "{A811793E-4905-4EED-A799-10335D598BB5}"
EndProject
Global
	GlobalSection(SolutionConfigurationPlatforms) = preSolution
		Debug|Any CPU = Debug|Any CPU
		Release|Any CPU = Release|Any CPU
	EndGlobalSection
	GlobalSection(NestedProjects) = preSolution
		{EFB13AD4-725D-4128-A731-C62C75B64FD0} = {E5FEDA23-43B6-474A-9238-4F540E1D3393}
		{7B7A6BCC-F75B-4574-9A81-B5720FAAE4E1} = {E5FEDA23-43B6-474A-9238-4F540E1D3393}
		{A65CBA9F-F615-4995-A62B-2573ED107651} = {E5FEDA23-43B6-474A-9238-4F540E1D3393}
		{E03485D4-785B-4996-9FD0-A44DB7DBEB19} = {E5FEDA23-43B6-474A-9238-4F540E1D3393}
		{075E575B-6E9C-473E-9FB8-A906CC9C7B83} = {E5FEDA23-43B6-474A-9238-4F540E1D3393}
		{EEC5AEE2-AB7D-4C47-8790-DB7F005D9AF2} = {E5FEDA23-43B6-474A-9238-4F540E1D3393}
		{52F8E25E-FF42-4DC4-8BF2-C9FFB82545CA} = {E5FEDA23-43B6-474A-9238-4F540E1D3393}
		{A811793E-4905-4EED-A799-10335D598BB5} = {E5FEDA23-43B6-474A-9238-4F540E1D3393}
	EndGlobalSection
	GlobalSection(ProjectConfigurationPlatforms) = postSolution
		{EFB13AD4-725D-4128-A731-C62C75B64FD0}.Debug|Any CPU.ActiveCfg = Debug|Any CPU
		{EFB13AD4-725D-4128-A731-C62C75B64FD0}.Debug|Any CPU.Build.0 = Debug|Any CPU
		{EFB13AD4-725D-4128-A731-C62C75B64FD0}.Release|Any CPU.ActiveCfg = Release|Any CPU
		{EFB13AD4-725D-4128-A731-C62C75B64FD0}.Release|Any CPU.Build.0 = Release|Any CPU
		{7B7A6BCC-F75B-4574-9A81-B5720FAAE4E1}.Debug|Any CPU.ActiveCfg = Debug|Any CPU
		{7B7A6BCC-F75B-4574-9A81-B5720FAAE4E1}.Debug|Any CPU.Build.0 = Debug|Any CPU
		{7B7A6BCC-F75B-4574-9A81-B5720FAAE4E1}.Release|Any CPU.ActiveCfg = Release|Any CPU
		{7B7A6BCC-F75B-4574-9A81-B5720FAAE4E1}.Release|Any CPU.Build.0 = Release|Any CPU
		{A65CBA9F-F615-4995-A62B-2573ED107651}.Debug|Any CPU.ActiveCfg = Debug|Any CPU
		{A65CBA9F-F615-4995-A62B-2573ED107651}.Debug|Any CPU.Build.0 = Debug|Any CPU
		{A65CBA9F-F615-4995-A62B-2573ED107651}.Release|Any CPU.ActiveCfg = Release|Any CPU
		{A65CBA9F-F615-4995-A62B-2573ED107651}.Release|Any CPU.Build.0 = Release|Any CPU
		{E03485D4-785B-4996-9FD0-A44DB7DBEB19}.Debug|Any CPU.ActiveCfg = Debug|Any CPU
		{E03485D4-785B-4996-9FD0-A44DB7DBEB19}.Debug|Any CPU.Build.0 = Debug|Any CPU
		{E03485D4-785B-4996-9FD0-A44DB7DBEB19}.Release|Any CPU.ActiveCfg = Release|Any CPU
		{E03485D4-785B-4996-9FD0-A44DB7DBEB19}.Release|Any CPU.Build.0 = Release|Any CPU
		{075E575B-6E9C-473E-9FB8-A906CC9C7B83}.Debug|Any CPU.ActiveCfg = Debug|Any CPU
		{075E575B-6E9C-473E-9FB8-A906CC9C7B83}.Debug|Any CPU.Build.0 = Debug|Any CPU
		{075E575B-6E9C-473E-9FB8-A906CC9C7B83}.Release|Any CPU.ActiveCfg = Release|Any CPU
		{075E575B-6E9C-473E-9FB8-A906CC9C7B83}.Release|Any CPU.Build.0 = Release|Any CPU
		{EEC5AEE2-AB7D-4C47-8790-DB7F005D9AF2}.Debug|Any CPU.ActiveCfg = Debug|Any CPU
		{EEC5AEE2-AB7D-4C47-8790-DB7F005D9AF2}.Debug|Any CPU.Build.0 = Debug|Any CPU
		{EEC5AEE2-AB7D-4C47-8790-DB7F005D9AF2}.Release|Any CPU.ActiveCfg = Release|Any CPU
		{EEC5AEE2-AB7D-4C47-8790-DB7F005D9AF2}.Release|Any CPU.Build.0 = Release|Any CPU
		{52F8E25E-FF42-4DC4-8BF2-C9FFB82545CA}.Debug|Any CPU.ActiveCfg = Debug|Any CPU
		{52F8E25E-FF42-4DC4-8BF2-C9FFB82545CA}.Debug|Any CPU.Build.0 = Debug|Any CPU
		{52F8E25E-FF42-4DC4-8BF2-C9FFB82545CA}.Release|Any CPU.ActiveCfg = Release|Any CPU
		{52F8E25E-FF42-4DC4-8BF2-C9FFB82545CA}.Release|Any CPU.Build.0 = Release|Any CPU
		{A811793E-4905-4EED-A799-10335D598BB5}.Debug|Any CPU.ActiveCfg = Debug|Any CPU
		{A811793E-4905-4EED-A799-10335D598BB5}.Debug|Any CPU.Build.0 = Debug|Any CPU
		{A811793E-4905-4EED-A799-10335D598BB5}.Release|Any CPU.ActiveCfg = Release|Any CPU
		{A811793E-4905-4EED-A799-10335D598BB5}.Release|Any CPU.Build.0 = Release|Any CPU
	EndGlobalSection
EndGlobal
